
Microsoft Visual Studio Solution File, Format Version 12.00
# Visual Studio Version 17
VisualStudioVersion = 17.0.31903.59
MinimumVisualStudioVersion = 10.0.40219.1
Project("{2150E333-8FDC-42A3-9474-1A3956D46DE8}") = "src", "src", "{F4F35E49-DAF0-48F4-AB12-5AE500BC0707}"
EndProject
Project("{FAE04EC0-301F-11D3-BF4B-00C04F79EFBC}") = "Day01", "src\Day01\Day01.csproj", "{919B7EF7-94C8-4BC3-AAF3-DDEDCCD02919}"
EndProject
Project("{FAE04EC0-301F-11D3-BF4B-00C04F79EFBC}") = "Day02", "src\Day02\Day02.csproj", "{68D30581-3A12-488D-B1F1-F20A9ED2A0B3}"
EndProject
Project("{FAE04EC0-301F-11D3-BF4B-00C04F79EFBC}") = "Day03", "src\Day03\Day03.csproj", "{88FA0CC8-5037-42D1-8F1A-6F9A8B357CD7}"
EndProject
Project("{FAE04EC0-301F-11D3-BF4B-00C04F79EFBC}") = "Day04", "src\Day04\Day04.csproj", "{63708AE2-B592-402B-B186-3A42E77DB56E}"
EndProject
Project("{FAE04EC0-301F-11D3-BF4B-00C04F79EFBC}") = "Day05", "src\Day05\Day05.csproj", "{B6607973-4E5F-4FAA-B883-5E6D6CBACD28}"
EndProject
Project("{FAE04EC0-301F-11D3-BF4B-00C04F79EFBC}") = "Day06", "src\Day06\Day06.csproj", "{EBB5B5AB-CFDE-4C8D-9C4E-072C344BD2EF}"
EndProject
Project("{FAE04EC0-301F-11D3-BF4B-00C04F79EFBC}") = "Day07", "src\Day07\Day07.csproj", "{F47A4CCB-1193-409B-BAAB-8D950451CDA4}"
EndProject
Project("{FAE04EC0-301F-11D3-BF4B-00C04F79EFBC}") = "Day08", "src\Day08\Day08.csproj", "{13E03D3B-436F-46DB-81C5-CBF3A17D1105}"
EndProject
Project("{FAE04EC0-301F-11D3-BF4B-00C04F79EFBC}") = "Day09", "src\Day09\Day09.csproj", "{1CA5F680-6755-4DDB-8778-350C736E6461}"
EndProject
Project("{FAE04EC0-301F-11D3-BF4B-00C04F79EFBC}") = "Day10", "src\Day10\Day10.csproj", "{26AC8B4D-587C-4F65-B221-78B21A17F996}"
EndProject
Project("{FAE04EC0-301F-11D3-BF4B-00C04F79EFBC}") = "Day11", "src\Day11\Day11.csproj", "{E3247B7D-284A-4201-B187-6760ECC7DE99}"
EndProject
Project("{FAE04EC0-301F-11D3-BF4B-00C04F79EFBC}") = "Day12", "src\Day12\Day12.csproj", "{5ECB9970-C453-428E-A0F9-47C30375D614}"
EndProject
Project("{FAE04EC0-301F-11D3-BF4B-00C04F79EFBC}") = "Day13", "src\Day13\Day13.csproj", "{8194FBF8-FD6F-42D7-BA91-E0722C356C5A}"
EndProject
Project("{FAE04EC0-301F-11D3-BF4B-00C04F79EFBC}") = "Day14", "src\Day14\Day14.csproj", "{F8C95977-C78C-43FD-9F2D-5A6BF7A1B65B}"
EndProject
Project("{FAE04EC0-301F-11D3-BF4B-00C04F79EFBC}") = "Day15", "src\Day15\Day15.csproj", "{525896F1-0649-4186-9F72-8DE0772D3C0E}"
EndProject
Project("{FAE04EC0-301F-11D3-BF4B-00C04F79EFBC}") = "Day16", "src\Day16\Day16.csproj", "{2ABEFD8A-1227-440E-81D9-D7F351FA0E2D}"
EndProject
Project("{FAE04EC0-301F-11D3-BF4B-00C04F79EFBC}") = "Day17", "src\Day17\Day17.csproj", "{B8583EFD-8604-4826-8828-A8370657FA03}"
EndProject
Project("{FAE04EC0-301F-11D3-BF4B-00C04F79EFBC}") = "Day18", "src\Day18\Day18.csproj", "{1D14E2A7-899B-4E45-9ADF-B2E79ECF0ADB}"
EndProject
Project("{FAE04EC0-301F-11D3-BF4B-00C04F79EFBC}") = "Day19", "src\Day19\Day19.csproj", "{73770A7A-A03B-40C9-B2DB-448159AB130C}"
EndProject
Project("{FAE04EC0-301F-11D3-BF4B-00C04F79EFBC}") = "Day20", "src\Day20\Day20.csproj", "{0C7532A5-9D42-4742-B9BB-5E1E49336AF7}"
EndProject
Project("{FAE04EC0-301F-11D3-BF4B-00C04F79EFBC}") = "Day21", "src\Day21\Day21.csproj", "{331B9AF8-0002-438C-8270-AB957EC73D11}"
EndProject
Project("{FAE04EC0-301F-11D3-BF4B-00C04F79EFBC}") = "Day22", "src\Day22\Day22.csproj", "{59BF8936-A27E-4B8E-9304-7B2D973451B3}"
EndProject
Project("{FAE04EC0-301F-11D3-BF4B-00C04F79EFBC}") = "Day23", "src\Day23\Day23.csproj", "{4B694C38-242F-466F-83F8-10891BCFC5FF}"
EndProject
Project("{FAE04EC0-301F-11D3-BF4B-00C04F79EFBC}") = "Day24", "src\Day24\Day24.csproj", "{660F1A90-E151-4833-9483-9ACC122A5E43}"
EndProject
Project("{2150E333-8FDC-42A3-9474-1A3956D46DE8}") = "tests", "tests", "{9BF07349-49F2-40CC-A165-B7C25AF24797}"
EndProject
Project("{FAE04EC0-301F-11D3-BF4B-00C04F79EFBC}") = "Day01.Tests", "tests\Day01.Tests\Day01.Tests.csproj", "{0D408FC3-32D1-40B5-A5F2-6FD4B877540B}"
EndProject
Project("{FAE04EC0-301F-11D3-BF4B-00C04F79EFBC}") = "Day02.Tests", "tests\Day02.Tests\Day02.Tests.csproj", "{6C90EFFD-EBAF-43B3-9107-DA2994589917}"
EndProject
Project("{FAE04EC0-301F-11D3-BF4B-00C04F79EFBC}") = "Day03.Tests", "tests\Day03.Tests\Day03.Tests.csproj", "{5988B9C5-FBF1-447E-8F73-5E0D984694CD}"
EndProject
Project("{FAE04EC0-301F-11D3-BF4B-00C04F79EFBC}") = "Day04.Tests", "tests\Day04.Tests\Day04.Tests.csproj", "{595C0616-8086-4A52-A084-D7CB58AABD87}"
EndProject
Project("{FAE04EC0-301F-11D3-BF4B-00C04F79EFBC}") = "Day05.Tests", "tests\Day05.Tests\Day05.Tests.csproj", "{5D475528-F6F8-474F-83C6-FE1DDD539DE5}"
EndProject
Project("{FAE04EC0-301F-11D3-BF4B-00C04F79EFBC}") = "Day06.Tests", "tests\Day06.Tests\Day06.Tests.csproj", "{E9DA47D3-5664-4AA0-A059-0442DBAF1F2F}"
EndProject
Project("{FAE04EC0-301F-11D3-BF4B-00C04F79EFBC}") = "Day07.Tests", "tests\Day07.Tests\Day07.Tests.csproj", "{FEB2BB00-95C9-4EA2-B519-5C784A8A7B48}"
EndProject
Project("{FAE04EC0-301F-11D3-BF4B-00C04F79EFBC}") = "Day08.Tests", "tests\Day08.Tests\Day08.Tests.csproj", "{855B5E76-EBC1-4244-B6FF-DAFB31250952}"
EndProject
Project("{FAE04EC0-301F-11D3-BF4B-00C04F79EFBC}") = "Day09.Tests", "tests\Day09.Tests\Day09.Tests.csproj", "{0C9B59CB-A5D2-41E3-A86B-A16EB9A8C729}"
EndProject
Project("{FAE04EC0-301F-11D3-BF4B-00C04F79EFBC}") = "Day10.Tests", "tests\Day10.Tests\Day10.Tests.csproj", "{BD8BA31B-C06C-4C18-9273-65893ECFCA59}"
EndProject
Project("{FAE04EC0-301F-11D3-BF4B-00C04F79EFBC}") = "Day11.Tests", "tests\Day11.Tests\Day11.Tests.csproj", "{9839280E-CA59-482C-933E-1AE2313A2B29}"
EndProject
Project("{FAE04EC0-301F-11D3-BF4B-00C04F79EFBC}") = "Day12.Tests", "tests\Day12.Tests\Day12.Tests.csproj", "{25C8BB35-3980-4468-B693-44DE80E2FA5F}"
EndProject
Project("{FAE04EC0-301F-11D3-BF4B-00C04F79EFBC}") = "Day13.Tests", "tests\Day13.Tests\Day13.Tests.csproj", "{4DE20344-E11A-41AC-8A79-C3E944713248}"
EndProject
Project("{FAE04EC0-301F-11D3-BF4B-00C04F79EFBC}") = "Day14.Tests", "tests\Day14.Tests\Day14.Tests.csproj", "{1C5186A9-B3E5-46CD-9D12-B0CCA63AD9D5}"
EndProject
Project("{FAE04EC0-301F-11D3-BF4B-00C04F79EFBC}") = "Day15.Tests", "tests\Day15.Tests\Day15.Tests.csproj", "{A1EFF1BF-7BAE-4B74-919B-55561822B28F}"
EndProject
Project("{FAE04EC0-301F-11D3-BF4B-00C04F79EFBC}") = "Day16.Tests", "tests\Day16.Tests\Day16.Tests.csproj", "{8B01F179-58A4-40FB-9B0D-C519874D54A1}"
EndProject
Project("{FAE04EC0-301F-11D3-BF4B-00C04F79EFBC}") = "Day17.Tests", "tests\Day17.Tests\Day17.Tests.csproj", "{59E6DAEE-F304-4AD8-ACB3-496EECF6E64C}"
EndProject
Project("{FAE04EC0-301F-11D3-BF4B-00C04F79EFBC}") = "Day18.Tests", "tests\Day18.Tests\Day18.Tests.csproj", "{C11F125A-47F2-4AE5-A7A6-A699F868EE3F}"
EndProject
Project("{FAE04EC0-301F-11D3-BF4B-00C04F79EFBC}") = "Day19.Tests", "tests\Day19.Tests\Day19.Tests.csproj", "{F2074CDA-871F-4B62-85CD-A4FA6F4F07ED}"
EndProject
Project("{FAE04EC0-301F-11D3-BF4B-00C04F79EFBC}") = "Day20.Tests", "tests\Day20.Tests\Day20.Tests.csproj", "{7A7771F6-1115-4537-8F71-302A6B1B5599}"
EndProject
Project("{FAE04EC0-301F-11D3-BF4B-00C04F79EFBC}") = "Day21.Tests", "tests\Day21.Tests\Day21.Tests.csproj", "{B5F73C73-8E43-4E82-ADAD-F00820A9AD03}"
EndProject
Project("{FAE04EC0-301F-11D3-BF4B-00C04F79EFBC}") = "Day22.Tests", "tests\Day22.Tests\Day22.Tests.csproj", "{45D911F6-4B56-43DB-B69D-5FA3B7064A86}"
EndProject
Project("{FAE04EC0-301F-11D3-BF4B-00C04F79EFBC}") = "Day23.Tests", "tests\Day23.Tests\Day23.Tests.csproj", "{B6A2B43D-729F-4086-9F35-3D93523048E8}"
EndProject
Project("{FAE04EC0-301F-11D3-BF4B-00C04F79EFBC}") = "Day24.Tests", "tests\Day24.Tests\Day24.Tests.csproj", "{E3058040-122E-4857-8273-9007B8E1809B}"
EndProject
Global
	GlobalSection(SolutionConfigurationPlatforms) = preSolution
		Debug|Any CPU = Debug|Any CPU
		Release|Any CPU = Release|Any CPU
	EndGlobalSection
	GlobalSection(SolutionProperties) = preSolution
		HideSolutionNode = FALSE
	EndGlobalSection
	GlobalSection(ProjectConfigurationPlatforms) = postSolution
		{919B7EF7-94C8-4BC3-AAF3-DDEDCCD02919}.Debug|Any CPU.ActiveCfg = Debug|Any CPU
		{919B7EF7-94C8-4BC3-AAF3-DDEDCCD02919}.Debug|Any CPU.Build.0 = Debug|Any CPU
		{919B7EF7-94C8-4BC3-AAF3-DDEDCCD02919}.Release|Any CPU.ActiveCfg = Release|Any CPU
		{919B7EF7-94C8-4BC3-AAF3-DDEDCCD02919}.Release|Any CPU.Build.0 = Release|Any CPU
		{68D30581-3A12-488D-B1F1-F20A9ED2A0B3}.Debug|Any CPU.ActiveCfg = Debug|Any CPU
		{68D30581-3A12-488D-B1F1-F20A9ED2A0B3}.Debug|Any CPU.Build.0 = Debug|Any CPU
		{68D30581-3A12-488D-B1F1-F20A9ED2A0B3}.Release|Any CPU.ActiveCfg = Release|Any CPU
		{68D30581-3A12-488D-B1F1-F20A9ED2A0B3}.Release|Any CPU.Build.0 = Release|Any CPU
		{88FA0CC8-5037-42D1-8F1A-6F9A8B357CD7}.Debug|Any CPU.ActiveCfg = Debug|Any CPU
		{88FA0CC8-5037-42D1-8F1A-6F9A8B357CD7}.Debug|Any CPU.Build.0 = Debug|Any CPU
		{88FA0CC8-5037-42D1-8F1A-6F9A8B357CD7}.Release|Any CPU.ActiveCfg = Release|Any CPU
		{88FA0CC8-5037-42D1-8F1A-6F9A8B357CD7}.Release|Any CPU.Build.0 = Release|Any CPU
		{63708AE2-B592-402B-B186-3A42E77DB56E}.Debug|Any CPU.ActiveCfg = Debug|Any CPU
		{63708AE2-B592-402B-B186-3A42E77DB56E}.Debug|Any CPU.Build.0 = Debug|Any CPU
		{63708AE2-B592-402B-B186-3A42E77DB56E}.Release|Any CPU.ActiveCfg = Release|Any CPU
		{63708AE2-B592-402B-B186-3A42E77DB56E}.Release|Any CPU.Build.0 = Release|Any CPU
		{B6607973-4E5F-4FAA-B883-5E6D6CBACD28}.Debug|Any CPU.ActiveCfg = Debug|Any CPU
		{B6607973-4E5F-4FAA-B883-5E6D6CBACD28}.Debug|Any CPU.Build.0 = Debug|Any CPU
		{B6607973-4E5F-4FAA-B883-5E6D6CBACD28}.Release|Any CPU.ActiveCfg = Release|Any CPU
		{B6607973-4E5F-4FAA-B883-5E6D6CBACD28}.Release|Any CPU.Build.0 = Release|Any CPU
		{EBB5B5AB-CFDE-4C8D-9C4E-072C344BD2EF}.Debug|Any CPU.ActiveCfg = Debug|Any CPU
		{EBB5B5AB-CFDE-4C8D-9C4E-072C344BD2EF}.Debug|Any CPU.Build.0 = Debug|Any CPU
		{EBB5B5AB-CFDE-4C8D-9C4E-072C344BD2EF}.Release|Any CPU.ActiveCfg = Release|Any CPU
		{EBB5B5AB-CFDE-4C8D-9C4E-072C344BD2EF}.Release|Any CPU.Build.0 = Release|Any CPU
		{F47A4CCB-1193-409B-BAAB-8D950451CDA4}.Debug|Any CPU.ActiveCfg = Debug|Any CPU
		{F47A4CCB-1193-409B-BAAB-8D950451CDA4}.Debug|Any CPU.Build.0 = Debug|Any CPU
		{F47A4CCB-1193-409B-BAAB-8D950451CDA4}.Release|Any CPU.ActiveCfg = Release|Any CPU
		{F47A4CCB-1193-409B-BAAB-8D950451CDA4}.Release|Any CPU.Build.0 = Release|Any CPU
		{13E03D3B-436F-46DB-81C5-CBF3A17D1105}.Debug|Any CPU.ActiveCfg = Debug|Any CPU
		{13E03D3B-436F-46DB-81C5-CBF3A17D1105}.Debug|Any CPU.Build.0 = Debug|Any CPU
		{13E03D3B-436F-46DB-81C5-CBF3A17D1105}.Release|Any CPU.ActiveCfg = Release|Any CPU
		{13E03D3B-436F-46DB-81C5-CBF3A17D1105}.Release|Any CPU.Build.0 = Release|Any CPU
		{1CA5F680-6755-4DDB-8778-350C736E6461}.Debug|Any CPU.ActiveCfg = Debug|Any CPU
		{1CA5F680-6755-4DDB-8778-350C736E6461}.Debug|Any CPU.Build.0 = Debug|Any CPU
		{1CA5F680-6755-4DDB-8778-350C736E6461}.Release|Any CPU.ActiveCfg = Release|Any CPU
		{1CA5F680-6755-4DDB-8778-350C736E6461}.Release|Any CPU.Build.0 = Release|Any CPU
		{26AC8B4D-587C-4F65-B221-78B21A17F996}.Debug|Any CPU.ActiveCfg = Debug|Any CPU
		{26AC8B4D-587C-4F65-B221-78B21A17F996}.Debug|Any CPU.Build.0 = Debug|Any CPU
		{26AC8B4D-587C-4F65-B221-78B21A17F996}.Release|Any CPU.ActiveCfg = Release|Any CPU
		{26AC8B4D-587C-4F65-B221-78B21A17F996}.Release|Any CPU.Build.0 = Release|Any CPU
		{E3247B7D-284A-4201-B187-6760ECC7DE99}.Debug|Any CPU.ActiveCfg = Debug|Any CPU
		{E3247B7D-284A-4201-B187-6760ECC7DE99}.Debug|Any CPU.Build.0 = Debug|Any CPU
		{E3247B7D-284A-4201-B187-6760ECC7DE99}.Release|Any CPU.ActiveCfg = Release|Any CPU
		{E3247B7D-284A-4201-B187-6760ECC7DE99}.Release|Any CPU.Build.0 = Release|Any CPU
		{5ECB9970-C453-428E-A0F9-47C30375D614}.Debug|Any CPU.ActiveCfg = Debug|Any CPU
		{5ECB9970-C453-428E-A0F9-47C30375D614}.Debug|Any CPU.Build.0 = Debug|Any CPU
		{5ECB9970-C453-428E-A0F9-47C30375D614}.Release|Any CPU.ActiveCfg = Release|Any CPU
		{5ECB9970-C453-428E-A0F9-47C30375D614}.Release|Any CPU.Build.0 = Release|Any CPU
		{8194FBF8-FD6F-42D7-BA91-E0722C356C5A}.Debug|Any CPU.ActiveCfg = Debug|Any CPU
		{8194FBF8-FD6F-42D7-BA91-E0722C356C5A}.Debug|Any CPU.Build.0 = Debug|Any CPU
		{8194FBF8-FD6F-42D7-BA91-E0722C356C5A}.Release|Any CPU.ActiveCfg = Release|Any CPU
		{8194FBF8-FD6F-42D7-BA91-E0722C356C5A}.Release|Any CPU.Build.0 = Release|Any CPU
		{F8C95977-C78C-43FD-9F2D-5A6BF7A1B65B}.Debug|Any CPU.ActiveCfg = Debug|Any CPU
		{F8C95977-C78C-43FD-9F2D-5A6BF7A1B65B}.Debug|Any CPU.Build.0 = Debug|Any CPU
		{F8C95977-C78C-43FD-9F2D-5A6BF7A1B65B}.Release|Any CPU.ActiveCfg = Release|Any CPU
		{F8C95977-C78C-43FD-9F2D-5A6BF7A1B65B}.Release|Any CPU.Build.0 = Release|Any CPU
		{525896F1-0649-4186-9F72-8DE0772D3C0E}.Debug|Any CPU.ActiveCfg = Debug|Any CPU
		{525896F1-0649-4186-9F72-8DE0772D3C0E}.Debug|Any CPU.Build.0 = Debug|Any CPU
		{525896F1-0649-4186-9F72-8DE0772D3C0E}.Release|Any CPU.ActiveCfg = Release|Any CPU
		{525896F1-0649-4186-9F72-8DE0772D3C0E}.Release|Any CPU.Build.0 = Release|Any CPU
		{2ABEFD8A-1227-440E-81D9-D7F351FA0E2D}.Debug|Any CPU.ActiveCfg = Debug|Any CPU
		{2ABEFD8A-1227-440E-81D9-D7F351FA0E2D}.Debug|Any CPU.Build.0 = Debug|Any CPU
		{2ABEFD8A-1227-440E-81D9-D7F351FA0E2D}.Release|Any CPU.ActiveCfg = Release|Any CPU
		{2ABEFD8A-1227-440E-81D9-D7F351FA0E2D}.Release|Any CPU.Build.0 = Release|Any CPU
		{B8583EFD-8604-4826-8828-A8370657FA03}.Debug|Any CPU.ActiveCfg = Debug|Any CPU
		{B8583EFD-8604-4826-8828-A8370657FA03}.Debug|Any CPU.Build.0 = Debug|Any CPU
		{B8583EFD-8604-4826-8828-A8370657FA03}.Release|Any CPU.ActiveCfg = Release|Any CPU
		{B8583EFD-8604-4826-8828-A8370657FA03}.Release|Any CPU.Build.0 = Release|Any CPU
		{1D14E2A7-899B-4E45-9ADF-B2E79ECF0ADB}.Debug|Any CPU.ActiveCfg = Debug|Any CPU
		{1D14E2A7-899B-4E45-9ADF-B2E79ECF0ADB}.Debug|Any CPU.Build.0 = Debug|Any CPU
		{1D14E2A7-899B-4E45-9ADF-B2E79ECF0ADB}.Release|Any CPU.ActiveCfg = Release|Any CPU
		{1D14E2A7-899B-4E45-9ADF-B2E79ECF0ADB}.Release|Any CPU.Build.0 = Release|Any CPU
		{73770A7A-A03B-40C9-B2DB-448159AB130C}.Debug|Any CPU.ActiveCfg = Debug|Any CPU
		{73770A7A-A03B-40C9-B2DB-448159AB130C}.Debug|Any CPU.Build.0 = Debug|Any CPU
		{73770A7A-A03B-40C9-B2DB-448159AB130C}.Release|Any CPU.ActiveCfg = Release|Any CPU
		{73770A7A-A03B-40C9-B2DB-448159AB130C}.Release|Any CPU.Build.0 = Release|Any CPU
		{0C7532A5-9D42-4742-B9BB-5E1E49336AF7}.Debug|Any CPU.ActiveCfg = Debug|Any CPU
		{0C7532A5-9D42-4742-B9BB-5E1E49336AF7}.Debug|Any CPU.Build.0 = Debug|Any CPU
		{0C7532A5-9D42-4742-B9BB-5E1E49336AF7}.Release|Any CPU.ActiveCfg = Release|Any CPU
		{0C7532A5-9D42-4742-B9BB-5E1E49336AF7}.Release|Any CPU.Build.0 = Release|Any CPU
		{331B9AF8-0002-438C-8270-AB957EC73D11}.Debug|Any CPU.ActiveCfg = Debug|Any CPU
		{331B9AF8-0002-438C-8270-AB957EC73D11}.Debug|Any CPU.Build.0 = Debug|Any CPU
		{331B9AF8-0002-438C-8270-AB957EC73D11}.Release|Any CPU.ActiveCfg = Release|Any CPU
		{331B9AF8-0002-438C-8270-AB957EC73D11}.Release|Any CPU.Build.0 = Release|Any CPU
		{59BF8936-A27E-4B8E-9304-7B2D973451B3}.Debug|Any CPU.ActiveCfg = Debug|Any CPU
		{59BF8936-A27E-4B8E-9304-7B2D973451B3}.Debug|Any CPU.Build.0 = Debug|Any CPU
		{59BF8936-A27E-4B8E-9304-7B2D973451B3}.Release|Any CPU.ActiveCfg = Release|Any CPU
		{59BF8936-A27E-4B8E-9304-7B2D973451B3}.Release|Any CPU.Build.0 = Release|Any CPU
		{4B694C38-242F-466F-83F8-10891BCFC5FF}.Debug|Any CPU.ActiveCfg = Debug|Any CPU
		{4B694C38-242F-466F-83F8-10891BCFC5FF}.Debug|Any CPU.Build.0 = Debug|Any CPU
		{4B694C38-242F-466F-83F8-10891BCFC5FF}.Release|Any CPU.ActiveCfg = Release|Any CPU
		{4B694C38-242F-466F-83F8-10891BCFC5FF}.Release|Any CPU.Build.0 = Release|Any CPU
		{660F1A90-E151-4833-9483-9ACC122A5E43}.Debug|Any CPU.ActiveCfg = Debug|Any CPU
		{660F1A90-E151-4833-9483-9ACC122A5E43}.Debug|Any CPU.Build.0 = Debug|Any CPU
		{660F1A90-E151-4833-9483-9ACC122A5E43}.Release|Any CPU.ActiveCfg = Release|Any CPU
		{660F1A90-E151-4833-9483-9ACC122A5E43}.Release|Any CPU.Build.0 = Release|Any CPU
		{0D408FC3-32D1-40B5-A5F2-6FD4B877540B}.Debug|Any CPU.ActiveCfg = Debug|Any CPU
		{0D408FC3-32D1-40B5-A5F2-6FD4B877540B}.Debug|Any CPU.Build.0 = Debug|Any CPU
		{0D408FC3-32D1-40B5-A5F2-6FD4B877540B}.Release|Any CPU.ActiveCfg = Release|Any CPU
		{0D408FC3-32D1-40B5-A5F2-6FD4B877540B}.Release|Any CPU.Build.0 = Release|Any CPU
		{6C90EFFD-EBAF-43B3-9107-DA2994589917}.Debug|Any CPU.ActiveCfg = Debug|Any CPU
		{6C90EFFD-EBAF-43B3-9107-DA2994589917}.Debug|Any CPU.Build.0 = Debug|Any CPU
		{6C90EFFD-EBAF-43B3-9107-DA2994589917}.Release|Any CPU.ActiveCfg = Release|Any CPU
		{6C90EFFD-EBAF-43B3-9107-DA2994589917}.Release|Any CPU.Build.0 = Release|Any CPU
		{5988B9C5-FBF1-447E-8F73-5E0D984694CD}.Debug|Any CPU.ActiveCfg = Debug|Any CPU
		{5988B9C5-FBF1-447E-8F73-5E0D984694CD}.Debug|Any CPU.Build.0 = Debug|Any CPU
		{5988B9C5-FBF1-447E-8F73-5E0D984694CD}.Release|Any CPU.ActiveCfg = Release|Any CPU
		{5988B9C5-FBF1-447E-8F73-5E0D984694CD}.Release|Any CPU.Build.0 = Release|Any CPU
		{595C0616-8086-4A52-A084-D7CB58AABD87}.Debug|Any CPU.ActiveCfg = Debug|Any CPU
		{595C0616-8086-4A52-A084-D7CB58AABD87}.Debug|Any CPU.Build.0 = Debug|Any CPU
		{595C0616-8086-4A52-A084-D7CB58AABD87}.Release|Any CPU.ActiveCfg = Release|Any CPU
		{595C0616-8086-4A52-A084-D7CB58AABD87}.Release|Any CPU.Build.0 = Release|Any CPU
		{5D475528-F6F8-474F-83C6-FE1DDD539DE5}.Debug|Any CPU.ActiveCfg = Debug|Any CPU
		{5D475528-F6F8-474F-83C6-FE1DDD539DE5}.Debug|Any CPU.Build.0 = Debug|Any CPU
		{5D475528-F6F8-474F-83C6-FE1DDD539DE5}.Release|Any CPU.ActiveCfg = Release|Any CPU
		{5D475528-F6F8-474F-83C6-FE1DDD539DE5}.Release|Any CPU.Build.0 = Release|Any CPU
		{E9DA47D3-5664-4AA0-A059-0442DBAF1F2F}.Debug|Any CPU.ActiveCfg = Debug|Any CPU
		{E9DA47D3-5664-4AA0-A059-0442DBAF1F2F}.Debug|Any CPU.Build.0 = Debug|Any CPU
		{E9DA47D3-5664-4AA0-A059-0442DBAF1F2F}.Release|Any CPU.ActiveCfg = Release|Any CPU
		{E9DA47D3-5664-4AA0-A059-0442DBAF1F2F}.Release|Any CPU.Build.0 = Release|Any CPU
		{FEB2BB00-95C9-4EA2-B519-5C784A8A7B48}.Debug|Any CPU.ActiveCfg = Debug|Any CPU
		{FEB2BB00-95C9-4EA2-B519-5C784A8A7B48}.Debug|Any CPU.Build.0 = Debug|Any CPU
		{FEB2BB00-95C9-4EA2-B519-5C784A8A7B48}.Release|Any CPU.ActiveCfg = Release|Any CPU
		{FEB2BB00-95C9-4EA2-B519-5C784A8A7B48}.Release|Any CPU.Build.0 = Release|Any CPU
		{855B5E76-EBC1-4244-B6FF-DAFB31250952}.Debug|Any CPU.ActiveCfg = Debug|Any CPU
		{855B5E76-EBC1-4244-B6FF-DAFB31250952}.Debug|Any CPU.Build.0 = Debug|Any CPU
		{855B5E76-EBC1-4244-B6FF-DAFB31250952}.Release|Any CPU.ActiveCfg = Release|Any CPU
		{855B5E76-EBC1-4244-B6FF-DAFB31250952}.Release|Any CPU.Build.0 = Release|Any CPU
		{0C9B59CB-A5D2-41E3-A86B-A16EB9A8C729}.Debug|Any CPU.ActiveCfg = Debug|Any CPU
		{0C9B59CB-A5D2-41E3-A86B-A16EB9A8C729}.Debug|Any CPU.Build.0 = Debug|Any CPU
		{0C9B59CB-A5D2-41E3-A86B-A16EB9A8C729}.Release|Any CPU.ActiveCfg = Release|Any CPU
		{0C9B59CB-A5D2-41E3-A86B-A16EB9A8C729}.Release|Any CPU.Build.0 = Release|Any CPU
		{BD8BA31B-C06C-4C18-9273-65893ECFCA59}.Debug|Any CPU.ActiveCfg = Debug|Any CPU
		{BD8BA31B-C06C-4C18-9273-65893ECFCA59}.Debug|Any CPU.Build.0 = Debug|Any CPU
		{BD8BA31B-C06C-4C18-9273-65893ECFCA59}.Release|Any CPU.ActiveCfg = Release|Any CPU
		{BD8BA31B-C06C-4C18-9273-65893ECFCA59}.Release|Any CPU.Build.0 = Release|Any CPU
		{9839280E-CA59-482C-933E-1AE2313A2B29}.Debug|Any CPU.ActiveCfg = Debug|Any CPU
		{9839280E-CA59-482C-933E-1AE2313A2B29}.Debug|Any CPU.Build.0 = Debug|Any CPU
		{9839280E-CA59-482C-933E-1AE2313A2B29}.Release|Any CPU.ActiveCfg = Release|Any CPU
		{9839280E-CA59-482C-933E-1AE2313A2B29}.Release|Any CPU.Build.0 = Release|Any CPU
		{25C8BB35-3980-4468-B693-44DE80E2FA5F}.Debug|Any CPU.ActiveCfg = Debug|Any CPU
		{25C8BB35-3980-4468-B693-44DE80E2FA5F}.Debug|Any CPU.Build.0 = Debug|Any CPU
		{25C8BB35-3980-4468-B693-44DE80E2FA5F}.Release|Any CPU.ActiveCfg = Release|Any CPU
		{25C8BB35-3980-4468-B693-44DE80E2FA5F}.Release|Any CPU.Build.0 = Release|Any CPU
		{4DE20344-E11A-41AC-8A79-C3E944713248}.Debug|Any CPU.ActiveCfg = Debug|Any CPU
		{4DE20344-E11A-41AC-8A79-C3E944713248}.Debug|Any CPU.Build.0 = Debug|Any CPU
		{4DE20344-E11A-41AC-8A79-C3E944713248}.Release|Any CPU.ActiveCfg = Release|Any CPU
		{4DE20344-E11A-41AC-8A79-C3E944713248}.Release|Any CPU.Build.0 = Release|Any CPU
		{1C5186A9-B3E5-46CD-9D12-B0CCA63AD9D5}.Debug|Any CPU.ActiveCfg = Debug|Any CPU
		{1C5186A9-B3E5-46CD-9D12-B0CCA63AD9D5}.Debug|Any CPU.Build.0 = Debug|Any CPU
		{1C5186A9-B3E5-46CD-9D12-B0CCA63AD9D5}.Release|Any CPU.ActiveCfg = Release|Any CPU
		{1C5186A9-B3E5-46CD-9D12-B0CCA63AD9D5}.Release|Any CPU.Build.0 = Release|Any CPU
		{A1EFF1BF-7BAE-4B74-919B-55561822B28F}.Debug|Any CPU.ActiveCfg = Debug|Any CPU
		{A1EFF1BF-7BAE-4B74-919B-55561822B28F}.Debug|Any CPU.Build.0 = Debug|Any CPU
		{A1EFF1BF-7BAE-4B74-919B-55561822B28F}.Release|Any CPU.ActiveCfg = Release|Any CPU
		{A1EFF1BF-7BAE-4B74-919B-55561822B28F}.Release|Any CPU.Build.0 = Release|Any CPU
		{8B01F179-58A4-40FB-9B0D-C519874D54A1}.Debug|Any CPU.ActiveCfg = Debug|Any CPU
		{8B01F179-58A4-40FB-9B0D-C519874D54A1}.Debug|Any CPU.Build.0 = Debug|Any CPU
		{8B01F179-58A4-40FB-9B0D-C519874D54A1}.Release|Any CPU.ActiveCfg = Release|Any CPU
		{8B01F179-58A4-40FB-9B0D-C519874D54A1}.Release|Any CPU.Build.0 = Release|Any CPU
		{59E6DAEE-F304-4AD8-ACB3-496EECF6E64C}.Debug|Any CPU.ActiveCfg = Debug|Any CPU
		{59E6DAEE-F304-4AD8-ACB3-496EECF6E64C}.Debug|Any CPU.Build.0 = Debug|Any CPU
		{59E6DAEE-F304-4AD8-ACB3-496EECF6E64C}.Release|Any CPU.ActiveCfg = Release|Any CPU
		{59E6DAEE-F304-4AD8-ACB3-496EECF6E64C}.Release|Any CPU.Build.0 = Release|Any CPU
		{C11F125A-47F2-4AE5-A7A6-A699F868EE3F}.Debug|Any CPU.ActiveCfg = Debug|Any CPU
		{C11F125A-47F2-4AE5-A7A6-A699F868EE3F}.Debug|Any CPU.Build.0 = Debug|Any CPU
		{C11F125A-47F2-4AE5-A7A6-A699F868EE3F}.Release|Any CPU.ActiveCfg = Release|Any CPU
		{C11F125A-47F2-4AE5-A7A6-A699F868EE3F}.Release|Any CPU.Build.0 = Release|Any CPU
		{F2074CDA-871F-4B62-85CD-A4FA6F4F07ED}.Debug|Any CPU.ActiveCfg = Debug|Any CPU
		{F2074CDA-871F-4B62-85CD-A4FA6F4F07ED}.Debug|Any CPU.Build.0 = Debug|Any CPU
		{F2074CDA-871F-4B62-85CD-A4FA6F4F07ED}.Release|Any CPU.ActiveCfg = Release|Any CPU
		{F2074CDA-871F-4B62-85CD-A4FA6F4F07ED}.Release|Any CPU.Build.0 = Release|Any CPU
		{7A7771F6-1115-4537-8F71-302A6B1B5599}.Debug|Any CPU.ActiveCfg = Debug|Any CPU
		{7A7771F6-1115-4537-8F71-302A6B1B5599}.Debug|Any CPU.Build.0 = Debug|Any CPU
		{7A7771F6-1115-4537-8F71-302A6B1B5599}.Release|Any CPU.ActiveCfg = Release|Any CPU
		{7A7771F6-1115-4537-8F71-302A6B1B5599}.Release|Any CPU.Build.0 = Release|Any CPU
		{B5F73C73-8E43-4E82-ADAD-F00820A9AD03}.Debug|Any CPU.ActiveCfg = Debug|Any CPU
		{B5F73C73-8E43-4E82-ADAD-F00820A9AD03}.Debug|Any CPU.Build.0 = Debug|Any CPU
		{B5F73C73-8E43-4E82-ADAD-F00820A9AD03}.Release|Any CPU.ActiveCfg = Release|Any CPU
		{B5F73C73-8E43-4E82-ADAD-F00820A9AD03}.Release|Any CPU.Build.0 = Release|Any CPU
		{45D911F6-4B56-43DB-B69D-5FA3B7064A86}.Debug|Any CPU.ActiveCfg = Debug|Any CPU
		{45D911F6-4B56-43DB-B69D-5FA3B7064A86}.Debug|Any CPU.Build.0 = Debug|Any CPU
		{45D911F6-4B56-43DB-B69D-5FA3B7064A86}.Release|Any CPU.ActiveCfg = Release|Any CPU
		{45D911F6-4B56-43DB-B69D-5FA3B7064A86}.Release|Any CPU.Build.0 = Release|Any CPU
		{B6A2B43D-729F-4086-9F35-3D93523048E8}.Debug|Any CPU.ActiveCfg = Debug|Any CPU
		{B6A2B43D-729F-4086-9F35-3D93523048E8}.Debug|Any CPU.Build.0 = Debug|Any CPU
		{B6A2B43D-729F-4086-9F35-3D93523048E8}.Release|Any CPU.ActiveCfg = Release|Any CPU
		{B6A2B43D-729F-4086-9F35-3D93523048E8}.Release|Any CPU.Build.0 = Release|Any CPU
		{E3058040-122E-4857-8273-9007B8E1809B}.Debug|Any CPU.ActiveCfg = Debug|Any CPU
		{E3058040-122E-4857-8273-9007B8E1809B}.Debug|Any CPU.Build.0 = Debug|Any CPU
		{E3058040-122E-4857-8273-9007B8E1809B}.Release|Any CPU.ActiveCfg = Release|Any CPU
		{E3058040-122E-4857-8273-9007B8E1809B}.Release|Any CPU.Build.0 = Release|Any CPU
	EndGlobalSection
	GlobalSection(NestedProjects) = preSolution
		{919B7EF7-94C8-4BC3-AAF3-DDEDCCD02919} = {F4F35E49-DAF0-48F4-AB12-5AE500BC0707}
		{68D30581-3A12-488D-B1F1-F20A9ED2A0B3} = {F4F35E49-DAF0-48F4-AB12-5AE500BC0707}
		{88FA0CC8-5037-42D1-8F1A-6F9A8B357CD7} = {F4F35E49-DAF0-48F4-AB12-5AE500BC0707}
		{63708AE2-B592-402B-B186-3A42E77DB56E} = {F4F35E49-DAF0-48F4-AB12-5AE500BC0707}
		{B6607973-4E5F-4FAA-B883-5E6D6CBACD28} = {F4F35E49-DAF0-48F4-AB12-5AE500BC0707}
		{EBB5B5AB-CFDE-4C8D-9C4E-072C344BD2EF} = {F4F35E49-DAF0-48F4-AB12-5AE500BC0707}
		{F47A4CCB-1193-409B-BAAB-8D950451CDA4} = {F4F35E49-DAF0-48F4-AB12-5AE500BC0707}
		{13E03D3B-436F-46DB-81C5-CBF3A17D1105} = {F4F35E49-DAF0-48F4-AB12-5AE500BC0707}
		{1CA5F680-6755-4DDB-8778-350C736E6461} = {F4F35E49-DAF0-48F4-AB12-5AE500BC0707}
		{26AC8B4D-587C-4F65-B221-78B21A17F996} = {F4F35E49-DAF0-48F4-AB12-5AE500BC0707}
		{E3247B7D-284A-4201-B187-6760ECC7DE99} = {F4F35E49-DAF0-48F4-AB12-5AE500BC0707}
		{5ECB9970-C453-428E-A0F9-47C30375D614} = {F4F35E49-DAF0-48F4-AB12-5AE500BC0707}
		{8194FBF8-FD6F-42D7-BA91-E0722C356C5A} = {F4F35E49-DAF0-48F4-AB12-5AE500BC0707}
		{F8C95977-C78C-43FD-9F2D-5A6BF7A1B65B} = {F4F35E49-DAF0-48F4-AB12-5AE500BC0707}
		{525896F1-0649-4186-9F72-8DE0772D3C0E} = {F4F35E49-DAF0-48F4-AB12-5AE500BC0707}
		{2ABEFD8A-1227-440E-81D9-D7F351FA0E2D} = {F4F35E49-DAF0-48F4-AB12-5AE500BC0707}
		{B8583EFD-8604-4826-8828-A8370657FA03} = {F4F35E49-DAF0-48F4-AB12-5AE500BC0707}
		{1D14E2A7-899B-4E45-9ADF-B2E79ECF0ADB} = {F4F35E49-DAF0-48F4-AB12-5AE500BC0707}
		{73770A7A-A03B-40C9-B2DB-448159AB130C} = {F4F35E49-DAF0-48F4-AB12-5AE500BC0707}
		{0C7532A5-9D42-4742-B9BB-5E1E49336AF7} = {F4F35E49-DAF0-48F4-AB12-5AE500BC0707}
		{331B9AF8-0002-438C-8270-AB957EC73D11} = {F4F35E49-DAF0-48F4-AB12-5AE500BC0707}
		{59BF8936-A27E-4B8E-9304-7B2D973451B3} = {F4F35E49-DAF0-48F4-AB12-5AE500BC0707}
		{4B694C38-242F-466F-83F8-10891BCFC5FF} = {F4F35E49-DAF0-48F4-AB12-5AE500BC0707}
		{660F1A90-E151-4833-9483-9ACC122A5E43} = {F4F35E49-DAF0-48F4-AB12-5AE500BC0707}
		{0D408FC3-32D1-40B5-A5F2-6FD4B877540B} = {9BF07349-49F2-40CC-A165-B7C25AF24797}
		{6C90EFFD-EBAF-43B3-9107-DA2994589917} = {9BF07349-49F2-40CC-A165-B7C25AF24797}
		{5988B9C5-FBF1-447E-8F73-5E0D984694CD} = {9BF07349-49F2-40CC-A165-B7C25AF24797}
		{595C0616-8086-4A52-A084-D7CB58AABD87} = {9BF07349-49F2-40CC-A165-B7C25AF24797}
		{5D475528-F6F8-474F-83C6-FE1DDD539DE5} = {9BF07349-49F2-40CC-A165-B7C25AF24797}
		{E9DA47D3-5664-4AA0-A059-0442DBAF1F2F} = {9BF07349-49F2-40CC-A165-B7C25AF24797}
		{FEB2BB00-95C9-4EA2-B519-5C784A8A7B48} = {9BF07349-49F2-40CC-A165-B7C25AF24797}
		{855B5E76-EBC1-4244-B6FF-DAFB31250952} = {9BF07349-49F2-40CC-A165-B7C25AF24797}
		{0C9B59CB-A5D2-41E3-A86B-A16EB9A8C729} = {9BF07349-49F2-40CC-A165-B7C25AF24797}
		{BD8BA31B-C06C-4C18-9273-65893ECFCA59} = {9BF07349-49F2-40CC-A165-B7C25AF24797}
		{9839280E-CA59-482C-933E-1AE2313A2B29} = {9BF07349-49F2-40CC-A165-B7C25AF24797}
		{25C8BB35-3980-4468-B693-44DE80E2FA5F} = {9BF07349-49F2-40CC-A165-B7C25AF24797}
		{4DE20344-E11A-41AC-8A79-C3E944713248} = {9BF07349-49F2-40CC-A165-B7C25AF24797}
		{1C5186A9-B3E5-46CD-9D12-B0CCA63AD9D5} = {9BF07349-49F2-40CC-A165-B7C25AF24797}
		{A1EFF1BF-7BAE-4B74-919B-55561822B28F} = {9BF07349-49F2-40CC-A165-B7C25AF24797}
		{8B01F179-58A4-40FB-9B0D-C519874D54A1} = {9BF07349-49F2-40CC-A165-B7C25AF24797}
		{59E6DAEE-F304-4AD8-ACB3-496EECF6E64C} = {9BF07349-49F2-40CC-A165-B7C25AF24797}
		{C11F125A-47F2-4AE5-A7A6-A699F868EE3F} = {9BF07349-49F2-40CC-A165-B7C25AF24797}
		{F2074CDA-871F-4B62-85CD-A4FA6F4F07ED} = {9BF07349-49F2-40CC-A165-B7C25AF24797}
		{7A7771F6-1115-4537-8F71-302A6B1B5599} = {9BF07349-49F2-40CC-A165-B7C25AF24797}
		{B5F73C73-8E43-4E82-ADAD-F00820A9AD03} = {9BF07349-49F2-40CC-A165-B7C25AF24797}
		{45D911F6-4B56-43DB-B69D-5FA3B7064A86} = {9BF07349-49F2-40CC-A165-B7C25AF24797}
		{B6A2B43D-729F-4086-9F35-3D93523048E8} = {9BF07349-49F2-40CC-A165-B7C25AF24797}
		{E3058040-122E-4857-8273-9007B8E1809B} = {9BF07349-49F2-40CC-A165-B7C25AF24797}
	EndGlobalSection
EndGlobal
